
Microsoft Visual Studio Solution File, Format Version 9.00
# Visual Studio 2005
Project("{8BC9CEB8-8B4A-11D0-8D11-00A0C91BC942}") = "maintain", "maintain\maintain.vcproj", "{CAD678C5-27C8-4B53-9033-818DB00C3B1F}"
EndProject
Global
	GlobalSection(SolutionConfigurationPlatforms) = preSolution
		Debug|Win32 = Debug|Win32
		Release|Win32 = Release|Win32
	EndGlobalSection
	GlobalSection(ProjectConfigurationPlatforms) = postSolution
		{CAD678C5-27C8-4B53-9033-818DB00C3B1F}.Debug|Win32.ActiveCfg = Debug|Win32
		{CAD678C5-27C8-4B53-9033-818DB00C3B1F}.Debug|Win32.Build.0 = Debug|Win32
		{CAD678C5-27C8-4B53-9033-818DB00C3B1F}.Release|Win32.ActiveCfg = Release|Win32
		{CAD678C5-27C8-4B53-9033-818DB00C3B1F}.Release|Win32.Build.0 = Release|Win32
	EndGlobalSection
	GlobalSection(SolutionProperties) = preSolution
		HideSolutionNode = FALSE
	EndGlobalSection
EndGlobal
